{
  "requires": true,
  "lockfileVersion": 1,
  "dependencies": {
    "@types/node": {
      "version": "10.12.3",
      "resolved": "https://registry.npmjs.org/@types/node/-/node-10.12.3.tgz",
      "integrity": "sha512-sfGmOtSMSbQ/AKG8V9xD1gmjquC9awIIZ/Kj309pHb2n3bcRAcGMQv5nJ6gCXZVsneGE4+ve8DXKRCsrg3TFzg=="
    },
    "process": {
      "version": "0.11.10",
      "resolved": "https://registry.npmjs.org/process/-/process-0.11.10.tgz",
      "integrity": "sha1-czIwDoQBYb2j5podHZGn1LwW8YI="
    }
  }
}
